
Microsoft Visual Studio Solution File, Format Version 12.00
# Visual Studio 15
VisualStudioVersion = 15.0.27004.2008
MinimumVisualStudioVersion = 10.0.40219.1
Project("{8BC9CEB8-8B4A-11D0-8D11-00A0C91BC942}") = "Quest.3.Assignment", "Quest.1.Assignment.vcxproj", "{DED01E1F-E86B-45A6-99DF-0B794EB7F4EC}"
EndProject
Global
	GlobalSection(SolutionConfigurationPlatforms) = preSolution
		Debug|x86 = Debug|x86
		Release|x86 = Release|x86
	EndGlobalSection
	GlobalSection(ProjectConfigurationPlatforms) = postSolution
		{DED01E1F-E86B-45A6-99DF-0B794EB7F4EC}.Debug|x86.ActiveCfg = Debug|Win32
		{DED01E1F-E86B-45A6-99DF-0B794EB7F4EC}.Debug|x86.Build.0 = Debug|Win32
		{DED01E1F-E86B-45A6-99DF-0B794EB7F4EC}.Release|x86.ActiveCfg = Release|Win32
		{DED01E1F-E86B-45A6-99DF-0B794EB7F4EC}.Release|x86.Build.0 = Release|Win32
	EndGlobalSection
	GlobalSection(SolutionProperties) = preSolution
		HideSolutionNode = FALSE
	EndGlobalSection
	GlobalSection(ExtensibilityGlobals) = postSolution
		SolutionGuid = {B448EF74-C4E1-4B08-9C32-73C772FFE34C}
	EndGlobalSection
EndGlobal
